# THIS IS AN AUTOGENERATED FILE. DO NOT EDIT THIS FILE DIRECTLY.
# yarn lockfile v1


"@gorhom/bottom-sheet@^5.2.8":
  version "5.2.8"
  resolved "https://registry.npmjs.org/@gorhom/bottom-sheet/-/bottom-sheet-5.2.8.tgz#25e49122c30ffe83d3813b3bcf3dec39f3359aeb"
  integrity sha512-+N27SMpbBxXZQ/IA2nlEV6RGxL/qSFHKfdFKcygvW+HqPG5jVNb1OqehLQsGfBP+Up42i0gW5ppI+DhpB7UCzA==
  dependencies:
    "@gorhom/portal" "1.0.14"
    invariant "^2.2.4"

"@gorhom/portal@1.0.14":
  version "1.0.14"
  resolved "https://registry.npmjs.org/@gorhom/portal/-/portal-1.0.14.tgz#1953edb76aaba80fb24021dc774550194a18e111"
  integrity sha512-MXyL4xvCjmgaORr/rtryDNFy3kU4qUbKlwtQqqsygd0xX3mhKjOLn6mQK8wfu0RkoE0pBE0nAasRoHua+/QZ7A==
  dependencies:
    nanoid "^3.3.1"

expo-audio@^1.1.1:
  version "1.1.1"
  resolved "https://registry.npmjs.org/expo-audio/-/expo-audio-1.1.1.tgz#7b9763118e321c5dfbf2771cd4a5b6790ce4fc8d"
  integrity sha512-CPCpJ+0AEHdzWROc0f00Zh6e+irLSl2ALos/LPvxEeIcJw1APfBa4DuHPkL4CQCWsVe7EnUjFpdwpqsEUWcP0g==

expo-av@^16.0.8:
  version "16.0.8"
  resolved "https://registry.npmjs.org/expo-av/-/expo-av-16.0.8.tgz#b1671127f3b2ecaeb9c69fc2301cf791d4504dd6"
  integrity sha512-cmVPftGR/ca7XBgs7R6ky36lF3OC0/MM/lpgX/yXqfv0jASTsh7AYX9JxHCwFmF+Z6JEB1vne9FDx4GiLcGreQ==

expo-linear-gradient@^15.0.8:
  version "15.0.8"
  resolved "https://registry.npmjs.org/expo-linear-gradient/-/expo-linear-gradient-15.0.8.tgz#17cb49522699d2a033eae93146bc820ef180f4f8"
  integrity sha512-V2d8Wjn0VzhPHO+rrSBtcl+Fo+jUUccdlmQ6OoL9/XQB7Qk3d9lYrqKDJyccwDxmQT10JdST3Tmf2K52NLc3kw==

invariant@^2.2.4:
  version "2.2.4"
  resolved "https://registry.npmjs.org/invariant/-/invariant-2.2.4.tgz#610f3c92c9359ce1db616e538008d23ff35158e6"
  integrity sha512-phJfQVBuaJM5raOpJjSfkiD6BpbCE4Ns//LaXl6wGYtUBY83nWS6Rf9tXm2e8VaK60JEjYldbPif/A2B1C2gNA==
  dependencies:
    loose-envify "^1.0.0"

"js-tokens@^3.0.0 || ^4.0.0":
  version "4.0.0"
  resolved "https://registry.npmjs.org/js-tokens/-/js-tokens-4.0.0.tgz#19203fb59991df98e3a287050d4647cdeaf32499"
  integrity sha512-RdJUflcE3cUzKiMqQgsCu06FPu9UdIJO0beYbPhHN4k6apgJtifcoCtT9bcxOpYBtpD2kCM6Sbzg4CausW/PKQ==

loose-envify@^1.0.0:
  version "1.4.0"
  resolved "https://registry.npmjs.org/loose-envify/-/loose-envify-1.4.0.tgz#71ee51fa7be4caec1a63839f7e682d8132d30caf"
  integrity sha512-lyuxPGr/Wfhrlem2CL/UcnUc1zcqKAImBDzukY7Y5F/yQiNdko6+fRLevlw1HgMySw7f611UIY408EtxRSoK3Q==
  dependencies:
    js-tokens "^3.0.0 || ^4.0.0"

nanoid@^3.3.1:
  version "3.3.11"
  resolved "https://registry.npmjs.org/nanoid/-/nanoid-3.3.11.tgz#4f4f112cefbe303202f2199838128936266d185b"
  integrity sha512-N8SpfPUnUp1bK+PMYW8qSWdl9U+wwNWI4QKxOYDy9JAro3WMX7p2OeVRF9v+347pnakNevPmiHhNmZ2HbFA76w==
